
Microsoft Visual Studio Solution File, Format Version 12.00
# Visual Studio 15
VisualStudioVersion = 15.0.27703.2026
MinimumVisualStudioVersion = 10.0.40219.1
Project("{FAE04EC0-301F-11D3-BF4B-00C04F79EFBC}") = "TestyJednostkowe", "TestyJednostkowe\TestyJednostkowe.csproj", "{72C80358-33DE-49B7-A4DD-C4EFC811953B}"
EndProject
Project("{FAE04EC0-301F-11D3-BF4B-00C04F79EFBC}") = "TestyJednostkoweUnitTests", "TestyJednostkoweUnitTests\TestyJednostkoweUnitTests.csproj", "{5907B810-0DA6-41B0-ACB8-3A3C08905D26}"
EndProject
Global
	GlobalSection(SolutionConfigurationPlatforms) = preSolution
		Debug|Any CPU = Debug|Any CPU
		Release|Any CPU = Release|Any CPU
	EndGlobalSection
	GlobalSection(ProjectConfigurationPlatforms) = postSolution
		{72C80358-33DE-49B7-A4DD-C4EFC811953B}.Debug|Any CPU.ActiveCfg = Debug|Any CPU
		{72C80358-33DE-49B7-A4DD-C4EFC811953B}.Debug|Any CPU.Build.0 = Debug|Any CPU
		{72C80358-33DE-49B7-A4DD-C4EFC811953B}.Release|Any CPU.ActiveCfg = Release|Any CPU
		{72C80358-33DE-49B7-A4DD-C4EFC811953B}.Release|Any CPU.Build.0 = Release|Any CPU
		{5907B810-0DA6-41B0-ACB8-3A3C08905D26}.Debug|Any CPU.ActiveCfg = Debug|Any CPU
		{5907B810-0DA6-41B0-ACB8-3A3C08905D26}.Debug|Any CPU.Build.0 = Debug|Any CPU
		{5907B810-0DA6-41B0-ACB8-3A3C08905D26}.Release|Any CPU.ActiveCfg = Release|Any CPU
		{5907B810-0DA6-41B0-ACB8-3A3C08905D26}.Release|Any CPU.Build.0 = Release|Any CPU
	EndGlobalSection
	GlobalSection(SolutionProperties) = preSolution
		HideSolutionNode = FALSE
	EndGlobalSection
	GlobalSection(ExtensibilityGlobals) = postSolution
		SolutionGuid = {74FD33F4-7CC9-4CAD-8D11-39D86AD2B802}
	EndGlobalSection
EndGlobal
